Microsoft Visual Studio Solution File, Format Version 12.00
# Visual Studio Version 17
VisualStudioVersion = 17.0.31611.283
MinimumVisualStudioVersion = 10.0.40219.1
Project("{9A19103F-16F7-4668-BE54-9A1E7A4F7556}") = "learn_maui", "learn_maui\learn_maui.csproj", "{016AAD74-3AA0-4EC6-BB61-76A06B0127A7}"
EndProject
Project("{FAE04EC0-301F-11D3-BF4B-00C04F79EFBC}") = "RazorLibrary", "RazorLibrary\RazorLibrary.csproj", "{C5152FC9-13A7-486E-B093-91860CFCF21C}"
EndProject
Global
	GlobalSection(SolutionConfigurationPlatforms) = preSolution
		Debug|Any CPU = Debug|Any CPU
		Release|Any CPU = Release|Any CPU
	EndGlobalSection
	GlobalSection(ProjectConfigurationPlatforms) = postSolution
		{016AAD74-3AA0-4EC6-BB61-76A06B0127A7}.Debug|Any CPU.ActiveCfg = Debug|Any CPU
		{016AAD74-3AA0-4EC6-BB61-76A06B0127A7}.Debug|Any CPU.Build.0 = Debug|Any CPU
		{016AAD74-3AA0-4EC6-BB61-76A06B0127A7}.Debug|Any CPU.Deploy.0 = Debug|Any CPU
		{016AAD74-3AA0-4EC6-BB61-76A06B0127A7}.Release|Any CPU.ActiveCfg = Release|Any CPU
		{016AAD74-3AA0-4EC6-BB61-76A06B0127A7}.Release|Any CPU.Build.0 = Release|Any CPU
		{016AAD74-3AA0-4EC6-BB61-76A06B0127A7}.Release|Any CPU.Deploy.0 = Release|Any CPU
		{C5152FC9-13A7-486E-B093-91860CFCF21C}.Debug|Any CPU.ActiveCfg = Debug|Any CPU
		{C5152FC9-13A7-486E-B093-91860CFCF21C}.Debug|Any CPU.Build.0 = Debug|Any CPU
		{C5152FC9-13A7-486E-B093-91860CFCF21C}.Release|Any CPU.ActiveCfg = Release|Any CPU
		{C5152FC9-13A7-486E-B093-91860CFCF21C}.Release|Any CPU.Build.0 = Release|Any CPU
	EndGlobalSection
	GlobalSection(SolutionProperties) = preSolution
		HideSolutionNode = FALSE
	EndGlobalSection
	GlobalSection(ExtensibilityGlobals) = postSolution
		SolutionGuid = {61F7FB11-1E47-470C-91E2-47F8143E1572}
	EndGlobalSection
EndGlobal
